
Microsoft Visual Studio Solution File, Format Version 12.00
# Visual Studio Version 16
VisualStudioVersion = 16.0.33027.164
MinimumVisualStudioVersion = 10.0.40219.1
Project("{FAE04EC0-301F-11D3-BF4B-00C04F79EFBC}") = "HackerRank30DaysOfCodeD15", "HackerRank30DaysOfCodeD15\HackerRank30DaysOfCodeD15.csproj", "{12A8E1A2-9D58-4CF2-822C-CE3067010547}"
EndProject
Global
	GlobalSection(SolutionConfigurationPlatforms) = preSolution
		Debug|Any CPU = Debug|Any CPU
		Release|Any CPU = Release|Any CPU
	EndGlobalSection
	GlobalSection(ProjectConfigurationPlatforms) = postSolution
		{12A8E1A2-9D58-4CF2-822C-CE3067010547}.Debug|Any CPU.ActiveCfg = Debug|Any CPU
		{12A8E1A2-9D58-4CF2-822C-CE3067010547}.Debug|Any CPU.Build.0 = Debug|Any CPU
		{12A8E1A2-9D58-4CF2-822C-CE3067010547}.Release|Any CPU.ActiveCfg = Release|Any CPU
		{12A8E1A2-9D58-4CF2-822C-CE3067010547}.Release|Any CPU.Build.0 = Release|Any CPU
	EndGlobalSection
	GlobalSection(SolutionProperties) = preSolution
		HideSolutionNode = FALSE
	EndGlobalSection
	GlobalSection(ExtensibilityGlobals) = postSolution
		SolutionGuid = {DBD6BC77-BB1C-4B15-8908-F84F6DA30BDA}
	EndGlobalSection
EndGlobal
